
Microsoft Visual Studio Solution File, Format Version 12.00
# Visual Studio Version 17
VisualStudioVersion = 17.0.31903.59
MinimumVisualStudioVersion = 10.0.40219.1
Project("{FAE04EC0-301F-11D3-BF4B-00C04F79EFBC}") = "MGK_Analyzer", "MGK_Analyzer.csproj", "{6F838CC5-47CC-41E0-B8BE-09D3F33A5CDE}"
EndProject
Project("{54435603-DBB4-11D2-8724-00A0C9A8B90C}") = "MGK_ANALYZER_SETUP", "..\MGK_ANALYZER_SETUP\MGK_ANALYZER_SETUP.vdproj", "{DE9DEE37-A98D-06AA-F8A0-927C881D522B}"
EndProject
Project("{FAE04EC0-301F-11D3-BF4B-00C04F79EFBC}") = "SampleFileGenerator", "..\SampleFileGenerator\SampleFileGenerator.csproj", "{BCBF8AB9-BD13-438F-B66F-1832CDFE27C8}"
EndProject
Global
	GlobalSection(SolutionConfigurationPlatforms) = preSolution
		Debug|Any CPU = Debug|Any CPU
		Debug|x64 = Debug|x64
		Debug|x86 = Debug|x86
		Release|Any CPU = Release|Any CPU
		Release|x64 = Release|x64
		Release|x86 = Release|x86
	EndGlobalSection
	GlobalSection(ProjectConfigurationPlatforms) = postSolution
		{6F838CC5-47CC-41E0-B8BE-09D3F33A5CDE}.Debug|Any CPU.ActiveCfg = Debug|Any CPU
		{6F838CC5-47CC-41E0-B8BE-09D3F33A5CDE}.Debug|Any CPU.Build.0 = Debug|Any CPU
		{6F838CC5-47CC-41E0-B8BE-09D3F33A5CDE}.Debug|x64.ActiveCfg = Debug|Any CPU
		{6F838CC5-47CC-41E0-B8BE-09D3F33A5CDE}.Debug|x64.Build.0 = Debug|Any CPU
		{6F838CC5-47CC-41E0-B8BE-09D3F33A5CDE}.Debug|x86.ActiveCfg = Debug|Any CPU
		{6F838CC5-47CC-41E0-B8BE-09D3F33A5CDE}.Debug|x86.Build.0 = Debug|Any CPU
		{6F838CC5-47CC-41E0-B8BE-09D3F33A5CDE}.Release|Any CPU.ActiveCfg = Release|Any CPU
		{6F838CC5-47CC-41E0-B8BE-09D3F33A5CDE}.Release|Any CPU.Build.0 = Release|Any CPU
		{6F838CC5-47CC-41E0-B8BE-09D3F33A5CDE}.Release|x64.ActiveCfg = Release|Any CPU
		{6F838CC5-47CC-41E0-B8BE-09D3F33A5CDE}.Release|x64.Build.0 = Release|Any CPU
		{6F838CC5-47CC-41E0-B8BE-09D3F33A5CDE}.Release|x86.ActiveCfg = Release|Any CPU
		{6F838CC5-47CC-41E0-B8BE-09D3F33A5CDE}.Release|x86.Build.0 = Release|Any CPU
		{DE9DEE37-A98D-06AA-F8A0-927C881D522B}.Debug|Any CPU.ActiveCfg = Debug
		{DE9DEE37-A98D-06AA-F8A0-927C881D522B}.Debug|x64.ActiveCfg = Debug
		{DE9DEE37-A98D-06AA-F8A0-927C881D522B}.Debug|x86.ActiveCfg = Debug
		{DE9DEE37-A98D-06AA-F8A0-927C881D522B}.Release|Any CPU.ActiveCfg = Release
		{DE9DEE37-A98D-06AA-F8A0-927C881D522B}.Release|x64.ActiveCfg = Release
		{DE9DEE37-A98D-06AA-F8A0-927C881D522B}.Release|x86.ActiveCfg = Release
		{BCBF8AB9-BD13-438F-B66F-1832CDFE27C8}.Debug|Any CPU.ActiveCfg = Debug|Any CPU
		{BCBF8AB9-BD13-438F-B66F-1832CDFE27C8}.Debug|Any CPU.Build.0 = Debug|Any CPU
		{BCBF8AB9-BD13-438F-B66F-1832CDFE27C8}.Debug|x64.ActiveCfg = Debug|Any CPU
		{BCBF8AB9-BD13-438F-B66F-1832CDFE27C8}.Debug|x64.Build.0 = Debug|Any CPU
		{BCBF8AB9-BD13-438F-B66F-1832CDFE27C8}.Debug|x86.ActiveCfg = Debug|Any CPU
		{BCBF8AB9-BD13-438F-B66F-1832CDFE27C8}.Debug|x86.Build.0 = Debug|Any CPU
		{BCBF8AB9-BD13-438F-B66F-1832CDFE27C8}.Release|Any CPU.ActiveCfg = Release|Any CPU
		{BCBF8AB9-BD13-438F-B66F-1832CDFE27C8}.Release|Any CPU.Build.0 = Release|Any CPU
		{BCBF8AB9-BD13-438F-B66F-1832CDFE27C8}.Release|x64.ActiveCfg = Release|Any CPU
		{BCBF8AB9-BD13-438F-B66F-1832CDFE27C8}.Release|x64.Build.0 = Release|Any CPU
		{BCBF8AB9-BD13-438F-B66F-1832CDFE27C8}.Release|x86.ActiveCfg = Release|Any CPU
		{BCBF8AB9-BD13-438F-B66F-1832CDFE27C8}.Release|x86.Build.0 = Release|Any CPU
	EndGlobalSection
	GlobalSection(SolutionProperties) = preSolution
		HideSolutionNode = FALSE
	EndGlobalSection
	GlobalSection(ExtensibilityGlobals) = postSolution
		SolutionGuid = {B6C81CC8-CD2F-4FCB-81B4-53FEEE1E275A}
	EndGlobalSection
EndGlobal
