
Microsoft Visual Studio Solution File, Format Version 12.00
# Visual Studio Version 17
VisualStudioVersion = 17.14.36414.22
MinimumVisualStudioVersion = 10.0.40219.1
Project("{FAE04EC0-301F-11D3-BF4B-00C04F79EFBC}") = "MGK_Analyzer", "MGK_Analyzer.csproj", "{0DDF273D-D3F9-4148-B136-DF56280CDF71}"
EndProject
Project("{FAE04EC0-301F-11D3-BF4B-00C04F79EFBC}") = "syncfusion.dockingmanagerdemos.wpf_lib", "..\..\..\..\..\Public\Documents\Syncfusion\WPF\31.1.17\SampleBrowser\dockingmanager\syncfusion.dockingmanagerdemos.wpf_lib.csproj", "{2B5B361E-F5FE-8743-032E-7F0AAE423B12}"
EndProject
Project("{FAE04EC0-301F-11D3-BF4B-00C04F79EFBC}") = "SurfaceChartDemo", "..\..\..\..\Downloads\SurfaceChartDemo-1998279060\SurfaceChartDemo\SurfaceChartDemo\SurfaceChartDemo.csproj", "{37971AEE-6DF1-4D16-8F73-765330388848}"
EndProject
Global
	GlobalSection(SolutionConfigurationPlatforms) = preSolution
		Debug|Any CPU = Debug|Any CPU
		Release|Any CPU = Release|Any CPU
	EndGlobalSection
	GlobalSection(ProjectConfigurationPlatforms) = postSolution
		{0DDF273D-D3F9-4148-B136-DF56280CDF71}.Debug|Any CPU.ActiveCfg = Debug|Any CPU
		{0DDF273D-D3F9-4148-B136-DF56280CDF71}.Debug|Any CPU.Build.0 = Debug|Any CPU
		{0DDF273D-D3F9-4148-B136-DF56280CDF71}.Release|Any CPU.ActiveCfg = Release|Any CPU
		{0DDF273D-D3F9-4148-B136-DF56280CDF71}.Release|Any CPU.Build.0 = Release|Any CPU
		{2B5B361E-F5FE-8743-032E-7F0AAE423B12}.Debug|Any CPU.ActiveCfg = Debug|Any CPU
		{2B5B361E-F5FE-8743-032E-7F0AAE423B12}.Debug|Any CPU.Build.0 = Debug|Any CPU
		{2B5B361E-F5FE-8743-032E-7F0AAE423B12}.Release|Any CPU.ActiveCfg = Release|Any CPU
		{2B5B361E-F5FE-8743-032E-7F0AAE423B12}.Release|Any CPU.Build.0 = Release|Any CPU
		{37971AEE-6DF1-4D16-8F73-765330388848}.Debug|Any CPU.ActiveCfg = Debug|Any CPU
		{37971AEE-6DF1-4D16-8F73-765330388848}.Debug|Any CPU.Build.0 = Debug|Any CPU
		{37971AEE-6DF1-4D16-8F73-765330388848}.Release|Any CPU.ActiveCfg = Release|Any CPU
		{37971AEE-6DF1-4D16-8F73-765330388848}.Release|Any CPU.Build.0 = Release|Any CPU
	EndGlobalSection
	GlobalSection(SolutionProperties) = preSolution
		HideSolutionNode = FALSE
	EndGlobalSection
	GlobalSection(ExtensibilityGlobals) = postSolution
		SolutionGuid = {708EB098-BFA4-481A-8735-6949A7D3CEB5}
	EndGlobalSection
EndGlobal
